
Microsoft Visual Studio Solution File, Format Version 12.00
# Visual Studio Version 17
VisualStudioVersion = 17.2.32516.85
MinimumVisualStudioVersion = 10.0.40219.1
Project("{2150E333-8FDC-42A3-9474-1A3956D46DE8}") = "src", "src", "{79ED517D-ACBB-470F-B908-A97D6BAE1527}"
EndProject
Project("{2150E333-8FDC-42A3-9474-1A3956D46DE8}") = "corePackages", "corePackages", "{F5A2AEEF-166A-45B9-A674-A02FA6A07601}"
EndProject
Project("{9A19103F-16F7-4668-BE54-9A1E7A4F7556}") = "Core.Application", "src\corePackages\Core.Application\Core.Application.csproj", "{7BBC5828-5381-467D-B528-98B1F0CD7288}"
EndProject
Project("{9A19103F-16F7-4668-BE54-9A1E7A4F7556}") = "Core.CrossCuttingConcerns", "src\corePackages\Core.CrossCuttingConcers\Core.CrossCuttingConcerns.csproj", "{9FCEB432-389C-4505-9B53-EEF958202E16}"
EndProject
Project("{9A19103F-16F7-4668-BE54-9A1E7A4F7556}") = "Core.ElasticSearch", "src\corePackages\Core.ElasticSearch\Core.ElasticSearch.csproj", "{492F7501-DC11-4B24-8418-DBAEE914A122}"
EndProject
Project("{9A19103F-16F7-4668-BE54-9A1E7A4F7556}") = "Core.Mailing", "src\corePackages\Core.Mailing\Core.Mailing.csproj", "{213C475D-40C7-4F7D-B40D-9366232447CD}"
EndProject
Project("{9A19103F-16F7-4668-BE54-9A1E7A4F7556}") = "Core.Persistence", "src\corePackages\Core.Persistence\Core.Persistence.csproj", "{1E19C916-76EE-4B4C-828D-21BCC8BF05F2}"
EndProject
Project("{9A19103F-16F7-4668-BE54-9A1E7A4F7556}") = "Core.Security", "src\corePackages\Core.Security\Core.Security.csproj", "{87886FC7-F7EE-4878-991F-C28537C15A3C}"
EndProject
Project("{2150E333-8FDC-42A3-9474-1A3956D46DE8}") = "kodlama.io.Devs", "kodlama.io.Devs", "{B3A8E4B4-2A4D-482B-BF1A-118ED7D00426}"
EndProject
Project("{2150E333-8FDC-42A3-9474-1A3956D46DE8}") = "programmingLanguages", "programmingLanguages", "{F5557C43-897E-43EE-A6A8-47F3E85C11E3}"
EndProject
Project("{FAE04EC0-301F-11D3-BF4B-00C04F79EFBC}") = "Domain", "src\kodlama.io.Devs\programmingLanguages\Domain\Domain.csproj", "{7A4A75CB-E93B-4603-9045-06473DB1867A}"
EndProject
Project("{FAE04EC0-301F-11D3-BF4B-00C04F79EFBC}") = "Application", "src\kodlama.io.Devs\programmingLanguages\Application\Application.csproj", "{252C0F1F-E7D4-4C44-A2D7-E469E860E146}"
EndProject
Project("{FAE04EC0-301F-11D3-BF4B-00C04F79EFBC}") = "Infrastucture", "src\kodlama.io.Devs\programmingLanguages\Infrastucture\Infrastucture.csproj", "{4335C373-A0B2-4B10-BD44-30F3088EC6C8}"
EndProject
Project("{FAE04EC0-301F-11D3-BF4B-00C04F79EFBC}") = "Persistence", "src\kodlama.io.Devs\programmingLanguages\Persistence\Persistence.csproj", "{BE6CB1E4-3664-428C-A1DF-5179684DA966}"
EndProject
Project("{FAE04EC0-301F-11D3-BF4B-00C04F79EFBC}") = "WebApi", "src\kodlama.io.Devs\programmingLanguages\WebApi\WebApi.csproj", "{74D46681-6430-4249-AD8D-1AF91E19565E}"
EndProject
Global
	GlobalSection(SolutionConfigurationPlatforms) = preSolution
		Debug|Any CPU = Debug|Any CPU
		Debug|x64 = Debug|x64
		Debug|x86 = Debug|x86
		Release|Any CPU = Release|Any CPU
		Release|x64 = Release|x64
		Release|x86 = Release|x86
	EndGlobalSection
	GlobalSection(ProjectConfigurationPlatforms) = postSolution
		{7BBC5828-5381-467D-B528-98B1F0CD7288}.Debug|Any CPU.ActiveCfg = Debug|Any CPU
		{7BBC5828-5381-467D-B528-98B1F0CD7288}.Debug|Any CPU.Build.0 = Debug|Any CPU
		{7BBC5828-5381-467D-B528-98B1F0CD7288}.Debug|x64.ActiveCfg = Debug|Any CPU
		{7BBC5828-5381-467D-B528-98B1F0CD7288}.Debug|x64.Build.0 = Debug|Any CPU
		{7BBC5828-5381-467D-B528-98B1F0CD7288}.Debug|x86.ActiveCfg = Debug|Any CPU
		{7BBC5828-5381-467D-B528-98B1F0CD7288}.Debug|x86.Build.0 = Debug|Any CPU
		{7BBC5828-5381-467D-B528-98B1F0CD7288}.Release|Any CPU.ActiveCfg = Release|Any CPU
		{7BBC5828-5381-467D-B528-98B1F0CD7288}.Release|Any CPU.Build.0 = Release|Any CPU
		{7BBC5828-5381-467D-B528-98B1F0CD7288}.Release|x64.ActiveCfg = Release|Any CPU
		{7BBC5828-5381-467D-B528-98B1F0CD7288}.Release|x64.Build.0 = Release|Any CPU
		{7BBC5828-5381-467D-B528-98B1F0CD7288}.Release|x86.ActiveCfg = Release|Any CPU
		{7BBC5828-5381-467D-B528-98B1F0CD7288}.Release|x86.Build.0 = Release|Any CPU
		{9FCEB432-389C-4505-9B53-EEF958202E16}.Debug|Any CPU.ActiveCfg = Debug|Any CPU
		{9FCEB432-389C-4505-9B53-EEF958202E16}.Debug|Any CPU.Build.0 = Debug|Any CPU
		{9FCEB432-389C-4505-9B53-EEF958202E16}.Debug|x64.ActiveCfg = Debug|Any CPU
		{9FCEB432-389C-4505-9B53-EEF958202E16}.Debug|x64.Build.0 = Debug|Any CPU
		{9FCEB432-389C-4505-9B53-EEF958202E16}.Debug|x86.ActiveCfg = Debug|Any CPU
		{9FCEB432-389C-4505-9B53-EEF958202E16}.Debug|x86.Build.0 = Debug|Any CPU
		{9FCEB432-389C-4505-9B53-EEF958202E16}.Release|Any CPU.ActiveCfg = Release|Any CPU
		{9FCEB432-389C-4505-9B53-EEF958202E16}.Release|Any CPU.Build.0 = Release|Any CPU
		{9FCEB432-389C-4505-9B53-EEF958202E16}.Release|x64.ActiveCfg = Release|Any CPU
		{9FCEB432-389C-4505-9B53-EEF958202E16}.Release|x64.Build.0 = Release|Any CPU
		{9FCEB432-389C-4505-9B53-EEF958202E16}.Release|x86.ActiveCfg = Release|Any CPU
		{9FCEB432-389C-4505-9B53-EEF958202E16}.Release|x86.Build.0 = Release|Any CPU
		{492F7501-DC11-4B24-8418-DBAEE914A122}.Debug|Any CPU.ActiveCfg = Debug|Any CPU
		{492F7501-DC11-4B24-8418-DBAEE914A122}.Debug|Any CPU.Build.0 = Debug|Any CPU
		{492F7501-DC11-4B24-8418-DBAEE914A122}.Debug|x64.ActiveCfg = Debug|Any CPU
		{492F7501-DC11-4B24-8418-DBAEE914A122}.Debug|x64.Build.0 = Debug|Any CPU
		{492F7501-DC11-4B24-8418-DBAEE914A122}.Debug|x86.ActiveCfg = Debug|Any CPU
		{492F7501-DC11-4B24-8418-DBAEE914A122}.Debug|x86.Build.0 = Debug|Any CPU
		{492F7501-DC11-4B24-8418-DBAEE914A122}.Release|Any CPU.ActiveCfg = Release|Any CPU
		{492F7501-DC11-4B24-8418-DBAEE914A122}.Release|Any CPU.Build.0 = Release|Any CPU
		{492F7501-DC11-4B24-8418-DBAEE914A122}.Release|x64.ActiveCfg = Release|Any CPU
		{492F7501-DC11-4B24-8418-DBAEE914A122}.Release|x64.Build.0 = Release|Any CPU
		{492F7501-DC11-4B24-8418-DBAEE914A122}.Release|x86.ActiveCfg = Release|Any CPU
		{492F7501-DC11-4B24-8418-DBAEE914A122}.Release|x86.Build.0 = Release|Any CPU
		{213C475D-40C7-4F7D-B40D-9366232447CD}.Debug|Any CPU.ActiveCfg = Debug|Any CPU
		{213C475D-40C7-4F7D-B40D-9366232447CD}.Debug|Any CPU.Build.0 = Debug|Any CPU
		{213C475D-40C7-4F7D-B40D-9366232447CD}.Debug|x64.ActiveCfg = Debug|Any CPU
		{213C475D-40C7-4F7D-B40D-9366232447CD}.Debug|x64.Build.0 = Debug|Any CPU
		{213C475D-40C7-4F7D-B40D-9366232447CD}.Debug|x86.ActiveCfg = Debug|Any CPU
		{213C475D-40C7-4F7D-B40D-9366232447CD}.Debug|x86.Build.0 = Debug|Any CPU
		{213C475D-40C7-4F7D-B40D-9366232447CD}.Release|Any CPU.ActiveCfg = Release|Any CPU
		{213C475D-40C7-4F7D-B40D-9366232447CD}.Release|Any CPU.Build.0 = Release|Any CPU
		{213C475D-40C7-4F7D-B40D-9366232447CD}.Release|x64.ActiveCfg = Release|Any CPU
		{213C475D-40C7-4F7D-B40D-9366232447CD}.Release|x64.Build.0 = Release|Any CPU
		{213C475D-40C7-4F7D-B40D-9366232447CD}.Release|x86.ActiveCfg = Release|Any CPU
		{213C475D-40C7-4F7D-B40D-9366232447CD}.Release|x86.Build.0 = Release|Any CPU
		{1E19C916-76EE-4B4C-828D-21BCC8BF05F2}.Debug|Any CPU.ActiveCfg = Debug|Any CPU
		{1E19C916-76EE-4B4C-828D-21BCC8BF05F2}.Debug|Any CPU.Build.0 = Debug|Any CPU
		{1E19C916-76EE-4B4C-828D-21BCC8BF05F2}.Debug|x64.ActiveCfg = Debug|Any CPU
		{1E19C916-76EE-4B4C-828D-21BCC8BF05F2}.Debug|x64.Build.0 = Debug|Any CPU
		{1E19C916-76EE-4B4C-828D-21BCC8BF05F2}.Debug|x86.ActiveCfg = Debug|Any CPU
		{1E19C916-76EE-4B4C-828D-21BCC8BF05F2}.Debug|x86.Build.0 = Debug|Any CPU
		{1E19C916-76EE-4B4C-828D-21BCC8BF05F2}.Release|Any CPU.ActiveCfg = Release|Any CPU
		{1E19C916-76EE-4B4C-828D-21BCC8BF05F2}.Release|Any CPU.Build.0 = Release|Any CPU
		{1E19C916-76EE-4B4C-828D-21BCC8BF05F2}.Release|x64.ActiveCfg = Release|Any CPU
		{1E19C916-76EE-4B4C-828D-21BCC8BF05F2}.Release|x64.Build.0 = Release|Any CPU
		{1E19C916-76EE-4B4C-828D-21BCC8BF05F2}.Release|x86.ActiveCfg = Release|Any CPU
		{1E19C916-76EE-4B4C-828D-21BCC8BF05F2}.Release|x86.Build.0 = Release|Any CPU
		{87886FC7-F7EE-4878-991F-C28537C15A3C}.Debug|Any CPU.ActiveCfg = Debug|Any CPU
		{87886FC7-F7EE-4878-991F-C28537C15A3C}.Debug|Any CPU.Build.0 = Debug|Any CPU
		{87886FC7-F7EE-4878-991F-C28537C15A3C}.Debug|x64.ActiveCfg = Debug|Any CPU
		{87886FC7-F7EE-4878-991F-C28537C15A3C}.Debug|x64.Build.0 = Debug|Any CPU
		{87886FC7-F7EE-4878-991F-C28537C15A3C}.Debug|x86.ActiveCfg = Debug|Any CPU
		{87886FC7-F7EE-4878-991F-C28537C15A3C}.Debug|x86.Build.0 = Debug|Any CPU
		{87886FC7-F7EE-4878-991F-C28537C15A3C}.Release|Any CPU.ActiveCfg = Release|Any CPU
		{87886FC7-F7EE-4878-991F-C28537C15A3C}.Release|Any CPU.Build.0 = Release|Any CPU
		{87886FC7-F7EE-4878-991F-C28537C15A3C}.Release|x64.ActiveCfg = Release|Any CPU
		{87886FC7-F7EE-4878-991F-C28537C15A3C}.Release|x64.Build.0 = Release|Any CPU
		{87886FC7-F7EE-4878-991F-C28537C15A3C}.Release|x86.ActiveCfg = Release|Any CPU
		{87886FC7-F7EE-4878-991F-C28537C15A3C}.Release|x86.Build.0 = Release|Any CPU
		{7A4A75CB-E93B-4603-9045-06473DB1867A}.Debug|Any CPU.ActiveCfg = Debug|Any CPU
		{7A4A75CB-E93B-4603-9045-06473DB1867A}.Debug|Any CPU.Build.0 = Debug|Any CPU
		{7A4A75CB-E93B-4603-9045-06473DB1867A}.Debug|x64.ActiveCfg = Debug|Any CPU
		{7A4A75CB-E93B-4603-9045-06473DB1867A}.Debug|x64.Build.0 = Debug|Any CPU
		{7A4A75CB-E93B-4603-9045-06473DB1867A}.Debug|x86.ActiveCfg = Debug|Any CPU
		{7A4A75CB-E93B-4603-9045-06473DB1867A}.Debug|x86.Build.0 = Debug|Any CPU
		{7A4A75CB-E93B-4603-9045-06473DB1867A}.Release|Any CPU.ActiveCfg = Release|Any CPU
		{7A4A75CB-E93B-4603-9045-06473DB1867A}.Release|Any CPU.Build.0 = Release|Any CPU
		{7A4A75CB-E93B-4603-9045-06473DB1867A}.Release|x64.ActiveCfg = Release|Any CPU
		{7A4A75CB-E93B-4603-9045-06473DB1867A}.Release|x64.Build.0 = Release|Any CPU
		{7A4A75CB-E93B-4603-9045-06473DB1867A}.Release|x86.ActiveCfg = Release|Any CPU
		{7A4A75CB-E93B-4603-9045-06473DB1867A}.Release|x86.Build.0 = Release|Any CPU
		{252C0F1F-E7D4-4C44-A2D7-E469E860E146}.Debug|Any CPU.ActiveCfg = Debug|Any CPU
		{252C0F1F-E7D4-4C44-A2D7-E469E860E146}.Debug|Any CPU.Build.0 = Debug|Any CPU
		{252C0F1F-E7D4-4C44-A2D7-E469E860E146}.Debug|x64.ActiveCfg = Debug|Any CPU
		{252C0F1F-E7D4-4C44-A2D7-E469E860E146}.Debug|x64.Build.0 = Debug|Any CPU
		{252C0F1F-E7D4-4C44-A2D7-E469E860E146}.Debug|x86.ActiveCfg = Debug|Any CPU
		{252C0F1F-E7D4-4C44-A2D7-E469E860E146}.Debug|x86.Build.0 = Debug|Any CPU
		{252C0F1F-E7D4-4C44-A2D7-E469E860E146}.Release|Any CPU.ActiveCfg = Release|Any CPU
		{252C0F1F-E7D4-4C44-A2D7-E469E860E146}.Release|Any CPU.Build.0 = Release|Any CPU
		{252C0F1F-E7D4-4C44-A2D7-E469E860E146}.Release|x64.ActiveCfg = Release|Any CPU
		{252C0F1F-E7D4-4C44-A2D7-E469E860E146}.Release|x64.Build.0 = Release|Any CPU
		{252C0F1F-E7D4-4C44-A2D7-E469E860E146}.Release|x86.ActiveCfg = Release|Any CPU
		{252C0F1F-E7D4-4C44-A2D7-E469E860E146}.Release|x86.Build.0 = Release|Any CPU
		{4335C373-A0B2-4B10-BD44-30F3088EC6C8}.Debug|Any CPU.ActiveCfg = Debug|Any CPU
		{4335C373-A0B2-4B10-BD44-30F3088EC6C8}.Debug|Any CPU.Build.0 = Debug|Any CPU
		{4335C373-A0B2-4B10-BD44-30F3088EC6C8}.Debug|x64.ActiveCfg = Debug|Any CPU
		{4335C373-A0B2-4B10-BD44-30F3088EC6C8}.Debug|x64.Build.0 = Debug|Any CPU
		{4335C373-A0B2-4B10-BD44-30F3088EC6C8}.Debug|x86.ActiveCfg = Debug|Any CPU
		{4335C373-A0B2-4B10-BD44-30F3088EC6C8}.Debug|x86.Build.0 = Debug|Any CPU
		{4335C373-A0B2-4B10-BD44-30F3088EC6C8}.Release|Any CPU.ActiveCfg = Release|Any CPU
		{4335C373-A0B2-4B10-BD44-30F3088EC6C8}.Release|Any CPU.Build.0 = Release|Any CPU
		{4335C373-A0B2-4B10-BD44-30F3088EC6C8}.Release|x64.ActiveCfg = Release|Any CPU
		{4335C373-A0B2-4B10-BD44-30F3088EC6C8}.Release|x64.Build.0 = Release|Any CPU
		{4335C373-A0B2-4B10-BD44-30F3088EC6C8}.Release|x86.ActiveCfg = Release|Any CPU
		{4335C373-A0B2-4B10-BD44-30F3088EC6C8}.Release|x86.Build.0 = Release|Any CPU
		{BE6CB1E4-3664-428C-A1DF-5179684DA966}.Debug|Any CPU.ActiveCfg = Debug|Any CPU
		{BE6CB1E4-3664-428C-A1DF-5179684DA966}.Debug|Any CPU.Build.0 = Debug|Any CPU
		{BE6CB1E4-3664-428C-A1DF-5179684DA966}.Debug|x64.ActiveCfg = Debug|Any CPU
		{BE6CB1E4-3664-428C-A1DF-5179684DA966}.Debug|x64.Build.0 = Debug|Any CPU
		{BE6CB1E4-3664-428C-A1DF-5179684DA966}.Debug|x86.ActiveCfg = Debug|Any CPU
		{BE6CB1E4-3664-428C-A1DF-5179684DA966}.Debug|x86.Build.0 = Debug|Any CPU
		{BE6CB1E4-3664-428C-A1DF-5179684DA966}.Release|Any CPU.ActiveCfg = Release|Any CPU
		{BE6CB1E4-3664-428C-A1DF-5179684DA966}.Release|Any CPU.Build.0 = Release|Any CPU
		{BE6CB1E4-3664-428C-A1DF-5179684DA966}.Release|x64.ActiveCfg = Release|Any CPU
		{BE6CB1E4-3664-428C-A1DF-5179684DA966}.Release|x64.Build.0 = Release|Any CPU
		{BE6CB1E4-3664-428C-A1DF-5179684DA966}.Release|x86.ActiveCfg = Release|Any CPU
		{BE6CB1E4-3664-428C-A1DF-5179684DA966}.Release|x86.Build.0 = Release|Any CPU
		{74D46681-6430-4249-AD8D-1AF91E19565E}.Debug|Any CPU.ActiveCfg = Debug|Any CPU
		{74D46681-6430-4249-AD8D-1AF91E19565E}.Debug|Any CPU.Build.0 = Debug|Any CPU
		{74D46681-6430-4249-AD8D-1AF91E19565E}.Debug|x64.ActiveCfg = Debug|Any CPU
		{74D46681-6430-4249-AD8D-1AF91E19565E}.Debug|x64.Build.0 = Debug|Any CPU
		{74D46681-6430-4249-AD8D-1AF91E19565E}.Debug|x86.ActiveCfg = Debug|Any CPU
		{74D46681-6430-4249-AD8D-1AF91E19565E}.Debug|x86.Build.0 = Debug|Any CPU
		{74D46681-6430-4249-AD8D-1AF91E19565E}.Release|Any CPU.ActiveCfg = Release|Any CPU
		{74D46681-6430-4249-AD8D-1AF91E19565E}.Release|Any CPU.Build.0 = Release|Any CPU
		{74D46681-6430-4249-AD8D-1AF91E19565E}.Release|x64.ActiveCfg = Release|Any CPU
		{74D46681-6430-4249-AD8D-1AF91E19565E}.Release|x64.Build.0 = Release|Any CPU
		{74D46681-6430-4249-AD8D-1AF91E19565E}.Release|x86.ActiveCfg = Release|Any CPU
		{74D46681-6430-4249-AD8D-1AF91E19565E}.Release|x86.Build.0 = Release|Any CPU
	EndGlobalSection
	GlobalSection(SolutionProperties) = preSolution
		HideSolutionNode = FALSE
	EndGlobalSection
	GlobalSection(NestedProjects) = preSolution
		{F5A2AEEF-166A-45B9-A674-A02FA6A07601} = {79ED517D-ACBB-470F-B908-A97D6BAE1527}
		{7BBC5828-5381-467D-B528-98B1F0CD7288} = {F5A2AEEF-166A-45B9-A674-A02FA6A07601}
		{9FCEB432-389C-4505-9B53-EEF958202E16} = {F5A2AEEF-166A-45B9-A674-A02FA6A07601}
		{492F7501-DC11-4B24-8418-DBAEE914A122} = {F5A2AEEF-166A-45B9-A674-A02FA6A07601}
		{213C475D-40C7-4F7D-B40D-9366232447CD} = {F5A2AEEF-166A-45B9-A674-A02FA6A07601}
		{1E19C916-76EE-4B4C-828D-21BCC8BF05F2} = {F5A2AEEF-166A-45B9-A674-A02FA6A07601}
		{87886FC7-F7EE-4878-991F-C28537C15A3C} = {F5A2AEEF-166A-45B9-A674-A02FA6A07601}
		{B3A8E4B4-2A4D-482B-BF1A-118ED7D00426} = {79ED517D-ACBB-470F-B908-A97D6BAE1527}
		{F5557C43-897E-43EE-A6A8-47F3E85C11E3} = {B3A8E4B4-2A4D-482B-BF1A-118ED7D00426}
		{7A4A75CB-E93B-4603-9045-06473DB1867A} = {F5557C43-897E-43EE-A6A8-47F3E85C11E3}
		{252C0F1F-E7D4-4C44-A2D7-E469E860E146} = {F5557C43-897E-43EE-A6A8-47F3E85C11E3}
		{4335C373-A0B2-4B10-BD44-30F3088EC6C8} = {F5557C43-897E-43EE-A6A8-47F3E85C11E3}
		{BE6CB1E4-3664-428C-A1DF-5179684DA966} = {F5557C43-897E-43EE-A6A8-47F3E85C11E3}
		{74D46681-6430-4249-AD8D-1AF91E19565E} = {F5557C43-897E-43EE-A6A8-47F3E85C11E3}
	EndGlobalSection
	GlobalSection(ExtensibilityGlobals) = postSolution
		SolutionGuid = {AAB67115-A594-4FC4-A0F7-BF92D386EDFF}
	EndGlobalSection
EndGlobal
